
Microsoft Visual Studio Solution File, Format Version 10.00
# Visual Studio 2008
Project("{54435603-DBB4-11D2-8724-00A0C9A8B90C}") = "XebraInstaller", "XebraInstaller\XebraInstaller.vdproj", "{C2A36DE0-9946-4A49-85CE-D61B074E02D1}"
EndProject
Global
	GlobalSection(SolutionConfigurationPlatforms) = preSolution
		Debug|Default = Debug|Default
		Release|Default = Release|Default
	EndGlobalSection
	GlobalSection(ProjectConfigurationPlatforms) = postSolution
		{C2A36DE0-9946-4A49-85CE-D61B074E02D1}.Debug|Default.ActiveCfg = Debug
		{C2A36DE0-9946-4A49-85CE-D61B074E02D1}.Debug|Default.Build.0 = Debug
		{C2A36DE0-9946-4A49-85CE-D61B074E02D1}.Release|Default.ActiveCfg = Release
		{C2A36DE0-9946-4A49-85CE-D61B074E02D1}.Release|Default.Build.0 = Release
	EndGlobalSection
	GlobalSection(SolutionProperties) = preSolution
		HideSolutionNode = FALSE
	EndGlobalSection
EndGlobal
