Microsoft Visual Studio Solution File, Format Version 9.00
# Visual Studio 2005
Project("{930C7802-8A8C-48F9-8165-68863BCCD9DD}") = "package", "package.wixproj", "{01A951F7-BA79-4006-8629-27FFCB510FF0}"
EndProject
Global
	GlobalSection(SolutionConfigurationPlatforms) = preSolution
		Debug|Any CPU = Debug|Any CPU
		envision_x64|Any CPU = envision_x64|Any CPU
		envision_x86|Any CPU = envision_x86|Any CPU
		Release|Any CPU = Release|Any CPU
		studio_ent_x64|Any CPU = studio_ent_x64|Any CPU
		studio_ent_x86|Any CPU = studio_ent_x86|Any CPU
		studio_gpl_64|Any CPU = studio_gpl_64|Any CPU
		studio_gpl_x64|Any CPU = studio_gpl_x64|Any CPU
		studio_gpl_x86|Any CPU = studio_gpl_x86|Any CPU
	EndGlobalSection
	GlobalSection(ProjectConfigurationPlatforms) = postSolution
		{01A951F7-BA79-4006-8629-27FFCB510FF0}.Debug|Any CPU.ActiveCfg = studio_ent_x86|Any CPU
		{01A951F7-BA79-4006-8629-27FFCB510FF0}.Debug|Any CPU.Build.0 = studio_ent_x86|Any CPU
		{01A951F7-BA79-4006-8629-27FFCB510FF0}.envision_x64|Any CPU.ActiveCfg = envision_x64|Any CPU
		{01A951F7-BA79-4006-8629-27FFCB510FF0}.envision_x64|Any CPU.Build.0 = envision_x64|Any CPU
		{01A951F7-BA79-4006-8629-27FFCB510FF0}.envision_x86|Any CPU.ActiveCfg = envision_x86|Any CPU
		{01A951F7-BA79-4006-8629-27FFCB510FF0}.envision_x86|Any CPU.Build.0 = envision_x86|Any CPU
		{01A951F7-BA79-4006-8629-27FFCB510FF0}.Release|Any CPU.ActiveCfg = studio_ent_x86|Any CPU
		{01A951F7-BA79-4006-8629-27FFCB510FF0}.Release|Any CPU.Build.0 = studio_ent_x86|Any CPU
		{01A951F7-BA79-4006-8629-27FFCB510FF0}.studio_ent_x64|Any CPU.ActiveCfg = studio_ent_x64|Any CPU
		{01A951F7-BA79-4006-8629-27FFCB510FF0}.studio_ent_x64|Any CPU.Build.0 = studio_ent_x64|Any CPU
		{01A951F7-BA79-4006-8629-27FFCB510FF0}.studio_ent_x86|Any CPU.ActiveCfg = studio_ent_x86|Any CPU
		{01A951F7-BA79-4006-8629-27FFCB510FF0}.studio_ent_x86|Any CPU.Build.0 = studio_ent_x86|Any CPU
		{01A951F7-BA79-4006-8629-27FFCB510FF0}.studio_gpl_64|Any CPU.ActiveCfg = studio_gpl_x86|Any CPU
		{01A951F7-BA79-4006-8629-27FFCB510FF0}.studio_gpl_64|Any CPU.Build.0 = studio_gpl_x86|Any CPU
		{01A951F7-BA79-4006-8629-27FFCB510FF0}.studio_gpl_x64|Any CPU.ActiveCfg = studio_gpl_x64|Any CPU
		{01A951F7-BA79-4006-8629-27FFCB510FF0}.studio_gpl_x64|Any CPU.Build.0 = studio_gpl_x64|Any CPU
		{01A951F7-BA79-4006-8629-27FFCB510FF0}.studio_gpl_x86|Any CPU.ActiveCfg = studio_gpl_x86|Any CPU
		{01A951F7-BA79-4006-8629-27FFCB510FF0}.studio_gpl_x86|Any CPU.Build.0 = studio_gpl_x86|Any CPU
	EndGlobalSection
	GlobalSection(SolutionProperties) = preSolution
		HideSolutionNode = FALSE
	EndGlobalSection
EndGlobal
