Microsoft Visual Studio Solution File, Format Version 8.00
Project("{22569018-37EF-4DD1-B9E0-5434A5E953AC}") = "EiffelSoftware.CodeDom.Base", "EiffelSoftware.CodeDom.Base\EiffelSoftware.CodeDom.Base.eifp", "{045EEDE9-577B-4957-A88C-8E61C3B133ED}"
	ProjectSection(ProjectDependencies) = postProject
	EndProjectSection
EndProject
Project("{22569018-37EF-4DD1-B9E0-5434A5E953AC}") = "EiffelSoftware.CodeDom.CacheBrowser", "EiffelSoftware.CodeDom.CacheBrowser\EiffelSoftware.CodeDom.CacheBrowser.eifp", "{D37FAF55-0E77-4244-9781-328FD8C33D80}"
	ProjectSection(ProjectDependencies) = postProject
	EndProjectSection
EndProject
Project("{22569018-37EF-4DD1-B9E0-5434A5E953AC}") = "EiffelSoftware.CodeDom", "EiffelSoftware.CodeDom\EiffelSoftware.CodeDom.eifp", "{D8ABACA5-874D-4C90-BC06-D49A7002DD1B}"
	ProjectSection(ProjectDependencies) = postProject
	EndProjectSection
EndProject
Project("{22569018-37EF-4DD1-B9E0-5434A5E953AC}") = "EiffelSoftware.CodeDom.Vision2", "EiffelSoftware.CodeDom.Vision2\EiffelSoftware.CodeDom.Vision2.eifp", "{8DA5D951-245D-401C-9C0A-570A4E9B262E}"
	ProjectSection(ProjectDependencies) = postProject
	EndProjectSection
EndProject
Project("{22569018-37EF-4DD1-B9E0-5434A5E953AC}") = "ecdpman", "ecdpman\ecdpman.eifp", "{8811B383-2AE0-44D4-ABB6-3E3DD9C9EE0D}"
	ProjectSection(ProjectDependencies) = postProject
	EndProjectSection
EndProject
Project("{22569018-37EF-4DD1-B9E0-5434A5E953AC}") = "EiffelSoftware.CodeDom.Splitter", "EiffelSoftware.CodeDom.Splitter\EiffelSoftware.CodeDom.Splitter.eifp", "{BAD8BE13-1377-4DEB-9D75-E276564832E8}"
	ProjectSection(ProjectDependencies) = postProject
	EndProjectSection
EndProject
Project("{22569018-37EF-4DD1-B9E0-5434A5E953AC}") = "esplit", "esplit\esplit.eifp", "{D22EC590-0D54-44D1-B8C4-704848591DF5}"
	ProjectSection(ProjectDependencies) = postProject
	EndProjectSection
EndProject
Project("{22569018-37EF-4DD1-B9E0-5434A5E953AC}") = "esplitter", "esplitter\esplitter.eifp", "{AF142FED-D44E-49DD-8BDA-3787BE490E7E}"
	ProjectSection(ProjectDependencies) = postProject
	EndProjectSection
EndProject
Project("{22569018-37EF-4DD1-B9E0-5434A5E953AC}") = "nmap", "nmap\nmap.eifp", "{488C2513-2ED3-4202-98D3-5AE0997950AB}"
	ProjectSection(ProjectDependencies) = postProject
	EndProjectSection
EndProject
Global
	GlobalSection(SolutionConfiguration) = preSolution
		Debug = Debug
		Release = Release
	EndGlobalSection
	GlobalSection(ProjectConfiguration) = postSolution
		{045EEDE9-577B-4957-A88C-8E61C3B133ED}.Debug.ActiveCfg = Debug|.NET
		{045EEDE9-577B-4957-A88C-8E61C3B133ED}.Debug.Build.0 = Debug|.NET
		{045EEDE9-577B-4957-A88C-8E61C3B133ED}.Release.ActiveCfg = Release|.NET
		{045EEDE9-577B-4957-A88C-8E61C3B133ED}.Release.Build.0 = Release|.NET
		{D37FAF55-0E77-4244-9781-328FD8C33D80}.Debug.ActiveCfg = Debug|.NET
		{D37FAF55-0E77-4244-9781-328FD8C33D80}.Debug.Build.0 = Debug|.NET
		{D37FAF55-0E77-4244-9781-328FD8C33D80}.Release.ActiveCfg = Release|.NET
		{D37FAF55-0E77-4244-9781-328FD8C33D80}.Release.Build.0 = Release|.NET
		{D8ABACA5-874D-4C90-BC06-D49A7002DD1B}.Debug.ActiveCfg = Debug|.NET
		{D8ABACA5-874D-4C90-BC06-D49A7002DD1B}.Debug.Build.0 = Debug|.NET
		{D8ABACA5-874D-4C90-BC06-D49A7002DD1B}.Release.ActiveCfg = Release|.NET
		{D8ABACA5-874D-4C90-BC06-D49A7002DD1B}.Release.Build.0 = Release|.NET
		{8DA5D951-245D-401C-9C0A-570A4E9B262E}.Debug.ActiveCfg = Debug|.NET
		{8DA5D951-245D-401C-9C0A-570A4E9B262E}.Debug.Build.0 = Debug|.NET
		{8DA5D951-245D-401C-9C0A-570A4E9B262E}.Release.ActiveCfg = Release|.NET
		{8DA5D951-245D-401C-9C0A-570A4E9B262E}.Release.Build.0 = Release|.NET
		{8811B383-2AE0-44D4-ABB6-3E3DD9C9EE0D}.Debug.ActiveCfg = Debug|.NET
		{8811B383-2AE0-44D4-ABB6-3E3DD9C9EE0D}.Debug.Build.0 = Debug|.NET
		{8811B383-2AE0-44D4-ABB6-3E3DD9C9EE0D}.Release.ActiveCfg = Release|.NET
		{8811B383-2AE0-44D4-ABB6-3E3DD9C9EE0D}.Release.Build.0 = Release|.NET
		{BAD8BE13-1377-4DEB-9D75-E276564832E8}.Debug.ActiveCfg = Debug|.NET
		{BAD8BE13-1377-4DEB-9D75-E276564832E8}.Debug.Build.0 = Debug|.NET
		{BAD8BE13-1377-4DEB-9D75-E276564832E8}.Release.ActiveCfg = Release|.NET
		{BAD8BE13-1377-4DEB-9D75-E276564832E8}.Release.Build.0 = Release|.NET
		{D22EC590-0D54-44D1-B8C4-704848591DF5}.Debug.ActiveCfg = Debug|.NET
		{D22EC590-0D54-44D1-B8C4-704848591DF5}.Debug.Build.0 = Debug|.NET
		{D22EC590-0D54-44D1-B8C4-704848591DF5}.Release.ActiveCfg = Release|.NET
		{D22EC590-0D54-44D1-B8C4-704848591DF5}.Release.Build.0 = Release|.NET
		{AF142FED-D44E-49DD-8BDA-3787BE490E7E}.Debug.ActiveCfg = Debug|.NET
		{AF142FED-D44E-49DD-8BDA-3787BE490E7E}.Debug.Build.0 = Debug|.NET
		{AF142FED-D44E-49DD-8BDA-3787BE490E7E}.Release.ActiveCfg = Release|.NET
		{AF142FED-D44E-49DD-8BDA-3787BE490E7E}.Release.Build.0 = Release|.NET
		{488C2513-2ED3-4202-98D3-5AE0997950AB}.Debug.ActiveCfg = Debug|.NET
		{488C2513-2ED3-4202-98D3-5AE0997950AB}.Debug.Build.0 = Debug|.NET
		{488C2513-2ED3-4202-98D3-5AE0997950AB}.Release.ActiveCfg = Release|.NET
		{488C2513-2ED3-4202-98D3-5AE0997950AB}.Release.Build.0 = Release|.NET
	EndGlobalSection
	GlobalSection(ExtensibilityGlobals) = postSolution
	EndGlobalSection
	GlobalSection(ExtensibilityAddIns) = postSolution
	EndGlobalSection
EndGlobal
